
Microsoft Visual Studio Solution File, Format Version 12.00
# Visual Studio Version 17
VisualStudioVersion = 17.5.33502.453
MinimumVisualStudioVersion = 10.0.40219.1
Project("{9A19103F-16F7-4668-BE54-9A1E7A4F7556}") = "ConsoleMenuCreation", "ConsoleMenuCreation.csproj", "{4465A68C-A46F-4271-9173-E2D629DAE216}"
EndProject
Project("{9A19103F-16F7-4668-BE54-9A1E7A4F7556}") = "ConsoleUtils", "..\ConsoleWriter\ConsoleUtils.csproj", "{D1DBA16A-E551-4116-A763-1FA45F38D53E}"
EndProject
Global
	GlobalSection(SolutionConfigurationPlatforms) = preSolution
		Debug|Any CPU = Debug|Any CPU
		Release|Any CPU = Release|Any CPU
	EndGlobalSection
	GlobalSection(ProjectConfigurationPlatforms) = postSolution
		{4465A68C-A46F-4271-9173-E2D629DAE216}.Debug|Any CPU.ActiveCfg = Debug|Any CPU
		{4465A68C-A46F-4271-9173-E2D629DAE216}.Debug|Any CPU.Build.0 = Debug|Any CPU
		{4465A68C-A46F-4271-9173-E2D629DAE216}.Release|Any CPU.ActiveCfg = Release|Any CPU
		{4465A68C-A46F-4271-9173-E2D629DAE216}.Release|Any CPU.Build.0 = Release|Any CPU
		{D1DBA16A-E551-4116-A763-1FA45F38D53E}.Debug|Any CPU.ActiveCfg = Debug|Any CPU
		{D1DBA16A-E551-4116-A763-1FA45F38D53E}.Debug|Any CPU.Build.0 = Debug|Any CPU
		{D1DBA16A-E551-4116-A763-1FA45F38D53E}.Release|Any CPU.ActiveCfg = Release|Any CPU
		{D1DBA16A-E551-4116-A763-1FA45F38D53E}.Release|Any CPU.Build.0 = Release|Any CPU
	EndGlobalSection
	GlobalSection(SolutionProperties) = preSolution
		HideSolutionNode = FALSE
	EndGlobalSection
	GlobalSection(ExtensibilityGlobals) = postSolution
		SolutionGuid = {B601F350-9FCC-400C-9040-2E8D6D1D9754}
	EndGlobalSection
EndGlobal
